
Microsoft Visual Studio Solution File, Format Version 12.00
# Visual Studio 2012
Project("{FAE04EC0-301F-11D3-BF4B-00C04F79EFBC}") = "Naxam.SquareUp.OkHttp3.LoggingInterceptor", "Naxam.SquareUp.OkHttp3.LoggingInterceptor\Naxam.SquareUp.OkHttp3.LoggingInterceptor.csproj", "{DED0C659-145D-483D-84E1-75D683F8AC0C}"
EndProject
Global
	GlobalSection(SolutionConfigurationPlatforms) = preSolution
		Debug|Any CPU = Debug|Any CPU
		Release|Any CPU = Release|Any CPU
	EndGlobalSection
	GlobalSection(ProjectConfigurationPlatforms) = postSolution
		{DED0C659-145D-483D-84E1-75D683F8AC0C}.Debug|Any CPU.ActiveCfg = Debug|Any CPU
		{DED0C659-145D-483D-84E1-75D683F8AC0C}.Debug|Any CPU.Build.0 = Debug|Any CPU
		{DED0C659-145D-483D-84E1-75D683F8AC0C}.Release|Any CPU.ActiveCfg = Release|Any CPU
		{DED0C659-145D-483D-84E1-75D683F8AC0C}.Release|Any CPU.Build.0 = Release|Any CPU
	EndGlobalSection
EndGlobal
